// !$*UTF8*$!
{
	archiveVersion = 1;
	classes = {
	};
	objectVersion = 77;
	objects = {

/* Begin PBXBuildFile section */
		1DDCED855B9AF798C8BECC11 /* wire.pb.swift in Sources */ = {isa = PBXBuildFile; fileRef = 5E1078AA9050BF9993F58C2D /* wire.pb.swift */; };
		221A23501A89A9A828B9E3EB /* ButtonModel.swift in Sources */ = {isa = PBXBuildFile; fileRef = C9D04EC729461F044FA826D5 /* ButtonModel.swift */; };
		2878383CC3D7BAE9E5CC2F7F /* ButtonsApp.swift in Sources */ = {isa = PBXBuildFile; fileRef = 53B78430D6F9D9A98C1EF191 /* ButtonsApp.swift */; };
		2930864723D0B952AEF34903 /* ButtonGrid.swift in Sources */ = {isa = PBXBuildFile; fileRef = 06CFCD777C2F722E767A13EB /* ButtonGrid.swift */; };
		56C07AC6BEEE9A606CFE9FD2 /* buttons.pb.swift in Sources */ = {isa = PBXBuildFile; fileRef = 39FD11F1CC06D809AA13E306 /* buttons.pb.swift */; };
		69DFF701F6288CC3FB70B2A1 /* Connection.swift in Sources */ = {isa = PBXBuildFile; fileRef = 25FFB6620D32ADD48DAB3167 /* Connection.swift */; };
		8AA258A7B337257EB93A2742 /* PairingView.swift in Sources */ = {isa = PBXBuildFile; fileRef = D27FA16BBBA5ACB9FCF01F0B /* PairingView.swift */; };
		B9735537876E8367A80D7744 /* DeckButton.swift in Sources */ = {isa = PBXBuildFile; fileRef = 837BB78F51101BAAF346F8D2 /* DeckButton.swift */; };
		BAAC61285D48302D17293BD5 /* Discovery.swift in Sources */ = {isa = PBXBuildFile; fileRef = 61E5950233A0AF2021367194 /* Discovery.swift */; };
		CC883E9181767737343DC9D6 /* SwiftProtobuf in Frameworks */ = {isa = PBXBuildFile; productRef = F9D4B63899320FF149A60B86 /* SwiftProtobuf */; };
		DDE129A5A082EACDAD399ED2 /* MockConfig.swift in Sources */ = {isa = PBXBuildFile; fileRef = 3686FA433FAE977B75DC6256 /* MockConfig.swift */; };
		DDEEA3C4D08CF98A637E3159 /* ContentView.swift in Sources */ = {isa = PBXBuildFile; fileRef = 0A5C28D59F8850E9FAA3B917 /* ContentView.swift */; };
		EC0A3040A35010EFA593DD6C /* PageGrid.swift in Sources */ = {isa = PBXBuildFile; fileRef = 648E4D92C87862C1BAAF00C6 /* PageGrid.swift */; };
		F4A322D336051B904DA34261 /* Pairing.swift in Sources */ = {isa = PBXBuildFile; fileRef = 79D7AABE6ACF186EBB03068F /* Pairing.swift */; };
/* End PBXBuildFile section */

/* Begin PBXFileReference section */
		06CFCD777C2F722E767A13EB /* ButtonGrid.swift */ = {isa = PBXFileReference; lastKnownFileType = sourcecode.swift; path = ButtonGrid.swift; sourceTree = "<group>"; };
		07A1855026025D3756DFE4E1 /* Buttons.app */ = {isa = PBXFileReference; includeInIndex = 0; lastKnownFileType = wrapper.application; path = Buttons.app; sourceTree = BUILT_PRODUCTS_DIR; };
		0A5C28D59F8850E9FAA3B917 /* ContentView.swift */ = {isa = PBXFileReference; lastKnownFileType = sourcecode.swift; path = ContentView.swift; sourceTree = "<group>"; };
		25FFB6620D32ADD48DAB3167 /* Connection.swift */ = {isa = PBXFileReference; lastKnownFileType = sourcecode.swift; path = Connection.swift; sourceTree = "<group>"; };
		3686FA433FAE977B75DC6256 /* MockConfig.swift */ = {isa = PBXFileReference; lastKnownFileType = sourcecode.swift; path = MockConfig.swift; sourceTree = "<group>"; };
		39FD11F1CC06D809AA13E306 /* buttons.pb.swift */ = {isa = PBXFileReference; lastKnownFileType = sourcecode.swift; path = buttons.pb.swift; sourceTree = "<group>"; };
		53B78430D6F9D9A98C1EF191 /* ButtonsApp.swift */ = {isa = PBXFileReference; lastKnownFileType = sourcecode.swift; path = ButtonsApp.swift; sourceTree = "<group>"; };
		5E1078AA9050BF9993F58C2D /* wire.pb.swift */ = {isa = PBXFileReference; lastKnownFileType = sourcecode.swift; path = wire.pb.swift; sourceTree = "<group>"; };
		61E5950233A0AF2021367194 /* Discovery.swift */ = {isa = PBXFileReference; lastKnownFileType = sourcecode.swift; path = Discovery.swift; sourceTree = "<group>"; };
		648E4D92C87862C1BAAF00C6 /* PageGrid.swift */ = {isa = PBXFileReference; lastKnownFileType = sourcecode.swift; path = PageGrid.swift; sourceTree = "<group>"; };
		79D7AABE6ACF186EBB03068F /* Pairing.swift */ = {isa = PBXFileReference; lastKnownFileType = sourcecode.swift; path = Pairing.swift; sourceTree = "<group>"; };
		837BB78F51101BAAF346F8D2 /* DeckButton.swift */ = {isa = PBXFileReference; lastKnownFileType = sourcecode.swift; path = DeckButton.swift; sourceTree = "<group>"; };
		C9D04EC729461F044FA826D5 /* ButtonModel.swift */ = {isa = PBXFileReference; lastKnownFileType = sourcecode.swift; path = ButtonModel.swift; sourceTree = "<group>"; };
		D27FA16BBBA5ACB9FCF01F0B /* PairingView.swift */ = {isa = PBXFileReference; lastKnownFileType = sourcecode.swift; path = PairingView.swift; sourceTree = "<group>"; };
/* End PBXFileReference section */

/* Begin PBXFrameworksBuildPhase section */
		5FC29A0458FFD6DE2AA847B2 /* Frameworks */ = {
			isa = PBXFrameworksBuildPhase;
			buildActionMask = 2147483647;
			files = (
				CC883E9181767737343DC9D6 /* SwiftProtobuf in Frameworks */,
			);
			runOnlyForDeploymentPostprocessing = 0;
		};
/* End PBXFrameworksBuildPhase section */

/* Begin PBXGroup section */
		094EC9A9A197F83EFBCC3004 /* Models */ = {
			isa = PBXGroup;
			children = (
				C9D04EC729461F044FA826D5 /* ButtonModel.swift */,
			);
			path = Models;
			sourceTree = "<group>";
		};
		36DC8992D4BE9318A8231118 /* Views */ = {
			isa = PBXGroup;
			children = (
				06CFCD777C2F722E767A13EB /* ButtonGrid.swift */,
				837BB78F51101BAAF346F8D2 /* DeckButton.swift */,
				648E4D92C87862C1BAAF00C6 /* PageGrid.swift */,
				D27FA16BBBA5ACB9FCF01F0B /* PairingView.swift */,
			);
			path = Views;
			sourceTree = "<group>";
		};
		4C62F83F44185F9FA2D33DC8 /* Networking */ = {
			isa = PBXGroup;
			children = (
				25FFB6620D32ADD48DAB3167 /* Connection.swift */,
				61E5950233A0AF2021367194 /* Discovery.swift */,
				79D7AABE6ACF186EBB03068F /* Pairing.swift */,
			);
			path = Networking;
			sourceTree = "<group>";
		};
		62E2248C3CB453BD757644CA /* Data */ = {
			isa = PBXGroup;
			children = (
				3686FA433FAE977B75DC6256 /* MockConfig.swift */,
			);
			path = Data;
			sourceTree = "<group>";
		};
		6432DABB2588754B89104AA4 = {
			isa = PBXGroup;
			children = (
				97402EF9BC0CA728EB39BD54 /* Buttons */,
				C3690152C7F4109B446CB3E5 /* Products */,
			);
			sourceTree = "<group>";
		};
		97402EF9BC0CA728EB39BD54 /* Buttons */ = {
			isa = PBXGroup;
			children = (
				53B78430D6F9D9A98C1EF191 /* ButtonsApp.swift */,
				0A5C28D59F8850E9FAA3B917 /* ContentView.swift */,
				62E2248C3CB453BD757644CA /* Data */,
				D6138DA813F51886161835EA /* Generated */,
				094EC9A9A197F83EFBCC3004 /* Models */,
				4C62F83F44185F9FA2D33DC8 /* Networking */,
				36DC8992D4BE9318A8231118 /* Views */,
			);
			path = Buttons;
			sourceTree = "<group>";
		};
		C3690152C7F4109B446CB3E5 /* Products */ = {
			isa = PBXGroup;
			children = (
				07A1855026025D3756DFE4E1 /* Buttons.app */,
			);
			name = Products;
			sourceTree = "<group>";
		};
		D6138DA813F51886161835EA /* Generated */ = {
			isa = PBXGroup;
			children = (
				39FD11F1CC06D809AA13E306 /* buttons.pb.swift */,
				5E1078AA9050BF9993F58C2D /* wire.pb.swift */,
			);
			path = Generated;
			sourceTree = "<group>";
		};
/* End PBXGroup section */

/* Begin PBXNativeTarget section */
		3C2432B3EE419A15CF0F90CE /* Buttons */ = {
			isa = PBXNativeTarget;
			buildConfigurationList = 264252CF4ED98E4A09C8143E /* Build configuration list for PBXNativeTarget "Buttons" */;
			buildPhases = (
				FF534E6F41BC80B903A3873F /* Sources */,
				5FC29A0458FFD6DE2AA847B2 /* Frameworks */,
			);
			buildRules = (
			);
			dependencies = (
			);
			name = Buttons;
			packageProductDependencies = (
				F9D4B63899320FF149A60B86 /* SwiftProtobuf */,
			);
			productName = Buttons;
			productReference = 07A1855026025D3756DFE4E1 /* Buttons.app */;
			productType = "com.apple.product-type.application";
		};
/* End PBXNativeTarget section */

/* Begin PBXProject section */
		BA532BEF62501CFDE4E3B7E1 /* Project object */ = {
			isa = PBXProject;
			attributes = {
				BuildIndependentTargetsInParallel = YES;
				LastUpgradeCheck = 1430;
				TargetAttributes = {
					3C2432B3EE419A15CF0F90CE = {
						DevelopmentTeam = 6URP555BR7;
						ProvisioningStyle = Automatic;
					};
				};
			};
			buildConfigurationList = DBDB47E98C3FD500E9700029 /* Build configuration list for PBXProject "Buttons" */;
			developmentRegion = en;
			hasScannedForEncodings = 0;
			knownRegions = (
				Base,
				en,
			);
			mainGroup = 6432DABB2588754B89104AA4;
			minimizedProjectReferenceProxies = 1;
			packageReferences = (
				8936894FB7FB22CD86D4D085 /* XCRemoteSwiftPackageReference "swift-protobuf" */,
			);
			preferredProjectObjectVersion = 77;
			productRefGroup = C3690152C7F4109B446CB3E5 /* Products */;
			projectDirPath = "";
			projectRoot = "";
			targets = (
				3C2432B3EE419A15CF0F90CE /* Buttons */,
			);
		};
/* End PBXProject section */

/* Begin PBXSourcesBuildPhase section */
		FF534E6F41BC80B903A3873F /* Sources */ = {
			isa = PBXSourcesBuildPhase;
			buildActionMask = 2147483647;
			files = (
				2930864723D0B952AEF34903 /* ButtonGrid.swift in Sources */,
				221A23501A89A9A828B9E3EB /* ButtonModel.swift in Sources */,
				2878383CC3D7BAE9E5CC2F7F /* ButtonsApp.swift in Sources */,
				69DFF701F6288CC3FB70B2A1 /* Connection.swift in Sources */,
				DDEEA3C4D08CF98A637E3159 /* ContentView.swift in Sources */,
				B9735537876E8367A80D7744 /* DeckButton.swift in Sources */,
				BAAC61285D48302D17293BD5 /* Discovery.swift in Sources */,
				DDE129A5A082EACDAD399ED2 /* MockConfig.swift in Sources */,
				EC0A3040A35010EFA593DD6C /* PageGrid.swift in Sources */,
				F4A322D336051B904DA34261 /* Pairing.swift in Sources */,
				8AA258A7B337257EB93A2742 /* PairingView.swift in Sources */,
				56C07AC6BEEE9A606CFE9FD2 /* buttons.pb.swift in Sources */,
				1DDCED855B9AF798C8BECC11 /* wire.pb.swift in Sources */,
			);
			runOnlyForDeploymentPostprocessing = 0;
		};
/* End PBXSourcesBuildPhase section */

/* Begin XCBuildConfiguration section */
		25DA891563486F0E32A6C7C5 /* Debug */ = {
			isa = XCBuildConfiguration;
			buildSettings = {
				ASSETCATALOG_COMPILER_APPICON_NAME = AppIcon;
				CODE_SIGN_IDENTITY = "iPhone Developer";
				CODE_SIGN_STYLE = Automatic;
				DEVELOPMENT_TEAM = 6URP555BR7;
				INFOPLIST_FILE = "Generated-Info.plist";
				LD_RUNPATH_SEARCH_PATHS = (
					"$(inherited)",
					"@executable_path/Frameworks",
				);
				PRODUCT_BUNDLE_IDENTIFIER = gg.pekk.buttons;
				SDKROOT = iphoneos;
				TARGETED_DEVICE_FAMILY = 1;
			};
			name = Debug;
		};
		3E0E9B7CE01989A9E4B43EC6 /* Release */ = {
			isa = XCBuildConfiguration;
			buildSettings = {
				ASSETCATALOG_COMPILER_APPICON_NAME = AppIcon;
				CODE_SIGN_IDENTITY = "iPhone Developer";
				CODE_SIGN_STYLE = Automatic;
				DEVELOPMENT_TEAM = 6URP555BR7;
				INFOPLIST_FILE = "Generated-Info.plist";
				LD_RUNPATH_SEARCH_PATHS = (
					"$(inherited)",
					"@executable_path/Frameworks",
				);
				PRODUCT_BUNDLE_IDENTIFIER = gg.pekk.buttons;
				SDKROOT = iphoneos;
				TARGETED_DEVICE_FAMILY = 1;
			};
			name = Release;
		};
		4B26A786D78ACE4428399E1A /* Release */ = {
			isa = XCBuildConfiguration;
			buildSettings = {
				ALWAYS_SEARCH_USER_PATHS = NO;
				CLANG_ANALYZER_NONNULL = YES;
				CLANG_ANALYZER_NUMBER_OBJECT_CONVERSION = YES_AGGRESSIVE;
				CLANG_CXX_LANGUAGE_STANDARD = "gnu++14";
				CLANG_CXX_LIBRARY = "libc++";
				CLANG_ENABLE_MODULES = YES;
				CLANG_ENABLE_OBJC_ARC = YES;
				CLANG_ENABLE_OBJC_WEAK = YES;
				CLANG_WARN_BLOCK_CAPTURE_AUTORELEASING = YES;
				CLANG_WARN_BOOL_CONVERSION = YES;
				CLANG_WARN_COMMA = YES;
				CLANG_WARN_CONSTANT_CONVERSION = YES;
				CLANG_WARN_DEPRECATED_OBJC_IMPLEMENTATIONS = YES;
				CLANG_WARN_DIRECT_OBJC_ISA_USAGE = YES_ERROR;
				CLANG_WARN_DOCUMENTATION_COMMENTS = YES;
				CLANG_WARN_EMPTY_BODY = YES;
				CLANG_WARN_ENUM_CONVERSION = YES;
				CLANG_WARN_INFINITE_RECURSION = YES;
				CLANG_WARN_INT_CONVERSION = YES;
				CLANG_WARN_NON_LITERAL_NULL_CONVERSION = YES;
				CLANG_WARN_OBJC_IMPLICIT_RETAIN_SELF = YES;
				CLANG_WARN_OBJC_LITERAL_CONVERSION = YES;
				CLANG_WARN_OBJC_ROOT_CLASS = YES_ERROR;
				CLANG_WARN_QUOTED_INCLUDE_IN_FRAMEWORK_HEADER = YES;
				CLANG_WARN_RANGE_LOOP_ANALYSIS = YES;
				CLANG_WARN_STRICT_PROTOTYPES = YES;
				CLANG_WARN_SUSPICIOUS_MOVE = YES;
				CLANG_WARN_UNGUARDED_AVAILABILITY = YES_AGGRESSIVE;
				CLANG_WARN_UNREACHABLE_CODE = YES;
				CLANG_WARN__DUPLICATE_METHOD_MATCH = YES;
				COPY_PHASE_STRIP = NO;
				DEBUG_INFORMATION_FORMAT = "dwarf-with-dsym";
				ENABLE_NS_ASSERTIONS = NO;
				ENABLE_STRICT_OBJC_MSGSEND = YES;
				GCC_C_LANGUAGE_STANDARD = gnu11;
				GCC_NO_COMMON_BLOCKS = YES;
				GCC_WARN_64_TO_32_BIT_CONVERSION = YES;
				GCC_WARN_ABOUT_RETURN_TYPE = YES_ERROR;
				GCC_WARN_UNDECLARED_SELECTOR = YES;
				GCC_WARN_UNINITIALIZED_AUTOS = YES_AGGRESSIVE;
				GCC_WARN_UNUSED_FUNCTION = YES;
				GCC_WARN_UNUSED_VARIABLE = YES;
				IPHONEOS_DEPLOYMENT_TARGET = 17.0;
				MTL_ENABLE_DEBUG_INFO = NO;
				MTL_FAST_MATH = YES;
				PRODUCT_NAME = "$(TARGET_NAME)";
				SDKROOT = iphoneos;
				SWIFT_COMPILATION_MODE = wholemodule;
				SWIFT_OPTIMIZATION_LEVEL = "-O";
				SWIFT_VERSION = 5.0;
			};
			name = Release;
		};
		53512123D5A27ED0DE415F06 /* Debug */ = {
			isa = XCBuildConfiguration;
			buildSettings = {
				ALWAYS_SEARCH_USER_PATHS = NO;
				CLANG_ANALYZER_NONNULL = YES;
				CLANG_ANALYZER_NUMBER_OBJECT_CONVERSION = YES_AGGRESSIVE;
				CLANG_CXX_LANGUAGE_STANDARD = "gnu++14";
				CLANG_CXX_LIBRARY = "libc++";
				CLANG_ENABLE_MODULES = YES;
				CLANG_ENABLE_OBJC_ARC = YES;
				CLANG_ENABLE_OBJC_WEAK = YES;
				CLANG_WARN_BLOCK_CAPTURE_AUTORELEASING = YES;
				CLANG_WARN_BOOL_CONVERSION = YES;
				CLANG_WARN_COMMA = YES;
				CLANG_WARN_CONSTANT_CONVERSION = YES;
				CLANG_WARN_DEPRECATED_OBJC_IMPLEMENTATIONS = YES;
				CLANG_WARN_DIRECT_OBJC_ISA_USAGE = YES_ERROR;
				CLANG_WARN_DOCUMENTATION_COMMENTS = YES;
				CLANG_WARN_EMPTY_BODY = YES;
				CLANG_WARN_ENUM_CONVERSION = YES;
				CLANG_WARN_INFINITE_RECURSION = YES;
				CLANG_WARN_INT_CONVERSION = YES;
				CLANG_WARN_NON_LITERAL_NULL_CONVERSION = YES;
				CLANG_WARN_OBJC_IMPLICIT_RETAIN_SELF = YES;
				CLANG_WARN_OBJC_LITERAL_CONVERSION = YES;
				CLANG_WARN_OBJC_ROOT_CLASS = YES_ERROR;
				CLANG_WARN_QUOTED_INCLUDE_IN_FRAMEWORK_HEADER = YES;
				CLANG_WARN_RANGE_LOOP_ANALYSIS = YES;
				CLANG_WARN_STRICT_PROTOTYPES = YES;
				CLANG_WARN_SUSPICIOUS_MOVE = YES;
				CLANG_WARN_UNGUARDED_AVAILABILITY = YES_AGGRESSIVE;
				CLANG_WARN_UNREACHABLE_CODE = YES;
				CLANG_WARN__DUPLICATE_METHOD_MATCH = YES;
				COPY_PHASE_STRIP = NO;
				DEBUG_INFORMATION_FORMAT = dwarf;
				ENABLE_STRICT_OBJC_MSGSEND = YES;
				ENABLE_TESTABILITY = YES;
				GCC_C_LANGUAGE_STANDARD = gnu11;
				GCC_DYNAMIC_NO_PIC = NO;
				GCC_NO_COMMON_BLOCKS = YES;
				GCC_OPTIMIZATION_LEVEL = 0;
				GCC_PREPROCESSOR_DEFINITIONS = (
					"$(inherited)",
					"DEBUG=1",
				);
				GCC_WARN_64_TO_32_BIT_CONVERSION = YES;
				GCC_WARN_ABOUT_RETURN_TYPE = YES_ERROR;
				GCC_WARN_UNDECLARED_SELECTOR = YES;
				GCC_WARN_UNINITIALIZED_AUTOS = YES_AGGRESSIVE;
				GCC_WARN_UNUSED_FUNCTION = YES;
				GCC_WARN_UNUSED_VARIABLE = YES;
				IPHONEOS_DEPLOYMENT_TARGET = 17.0;
				MTL_ENABLE_DEBUG_INFO = INCLUDE_SOURCE;
				MTL_FAST_MATH = YES;
				ONLY_ACTIVE_ARCH = YES;
				PRODUCT_NAME = "$(TARGET_NAME)";
				SDKROOT = iphoneos;
				SWIFT_ACTIVE_COMPILATION_CONDITIONS = DEBUG;
				SWIFT_OPTIMIZATION_LEVEL = "-Onone";
				SWIFT_VERSION = 5.0;
			};
			name = Debug;
		};
/* End XCBuildConfiguration section */

/* Begin XCConfigurationList section */
		264252CF4ED98E4A09C8143E /* Build configuration list for PBXNativeTarget "Buttons" */ = {
			isa = XCConfigurationList;
			buildConfigurations = (
				25DA891563486F0E32A6C7C5 /* Debug */,
				3E0E9B7CE01989A9E4B43EC6 /* Release */,
			);
			defaultConfigurationIsVisible = 0;
			defaultConfigurationName = Debug;
		};
		DBDB47E98C3FD500E9700029 /* Build configuration list for PBXProject "Buttons" */ = {
			isa = XCConfigurationList;
			buildConfigurations = (
				53512123D5A27ED0DE415F06 /* Debug */,
				4B26A786D78ACE4428399E1A /* Release */,
			);
			defaultConfigurationIsVisible = 0;
			defaultConfigurationName = Debug;
		};
/* End XCConfigurationList section */

/* Begin XCRemoteSwiftPackageReference section */
		8936894FB7FB22CD86D4D085 /* XCRemoteSwiftPackageReference "swift-protobuf" */ = {
			isa = XCRemoteSwiftPackageReference;
			repositoryURL = "https://github.com/apple/swift-protobuf.git";
			requirement = {
				kind = exactVersion;
				version = 1.38.1;
			};
		};
/* End XCRemoteSwiftPackageReference section */

/* Begin XCSwiftPackageProductDependency section */
		F9D4B63899320FF149A60B86 /* SwiftProtobuf */ = {
			isa = XCSwiftPackageProductDependency;
			package = 8936894FB7FB22CD86D4D085 /* XCRemoteSwiftPackageReference "swift-protobuf" */;
			productName = SwiftProtobuf;
		};
/* End XCSwiftPackageProductDependency section */
	};
	rootObject = BA532BEF62501CFDE4E3B7E1 /* Project object */;
}
